{
    "_readme": [
        "This file locks the dependencies of your project to a known state",
        "Read more about it at https://getcomposer.org/doc/01-basic-usage.md#installing-dependencies",
        "This file is @generated automatically"
    ],
    "content-hash": "0969067ba88e600bb89ff55406382de0",
    "packages": [
        {
            "name": "fig/http-message-util",
            "version": "1.1.5",
            "source": {
                "type": "git",
                "url": "https://github.com/php-fig/http-message-util.git",
                "reference": "9d94dc0154230ac39e5bf89398b324a86f63f765"
            },
            "dist": {
                "type": "zip",
                "url": "https://api.github.com/repos/php-fig/http-message-util/zipball/9d94dc0154230ac39e5bf89398b324a86f63f765",
                "reference": "9d94dc0154230ac39e5bf89398b324a86f63f765",
                "shasum": ""
            },
            "require": {
                "php": "^5.3 || ^7.0 || ^8.0"
            },
            "suggest": {
                "psr/http-message": "The package containing the PSR-7 interfaces"
            },
            "type": "library",
            "extra": {
                "branch-alias": {
                    "dev-master": "1.1.x-dev"
                }
            },
            "autoload": {
                "psr-4": {
                    "Fig\\Http\\Message\\": "src/"
                }
            },
            "notification-url": "https://packagist.org/downloads/",
            "license": [
                "MIT"
            ],
            "authors": [
                {
                    "name": "PHP-FIG",
                    "homepage": "https://www.php-fig.org/"
                }
            ],
            "description": "Utility classes and constants for use with PSR-7 (psr/http-message)",
            "keywords": [
                "http",
                "http-message",
                "psr",
                "psr-7",
                "request",
                "response"
            ],
            "support": {
                "issues": "https://github.com/php-fig/http-message-util/issues",
                "source": "https://github.com/php-fig/http-message-util/tree/1.1.5"
            },
            "time": "2020-11-24T22:02:12+00:00"
        },
        {
            "name": "francerz/http",
            "version": "v0.3.6",
            "source": {
                "type": "git",
                "url": "https://github.com/francerz/php-http.git",
                "reference": "7cd1fa64e25a7ef0700ff72dc9709150b75ed73b"
            },
            "dist": {
                "type": "zip",
                "url": "https://api.github.com/repos/francerz/php-http/zipball/7cd1fa64e25a7ef0700ff72dc9709150b75ed73b",
                "reference": "7cd1fa64e25a7ef0700ff72dc9709150b75ed73b",
                "shasum": ""
            },
            "require": {
                "fig/http-message-util": "^1.1",
                "francerz/http-utils": "^0.2",
                "francerz/php-power-data": "^0.1",
                "psr/http-client": "^1.0",
                "psr/http-factory": "^1.0",
                "psr/http-message": "^1.0"
            },
            "require-dev": {
                "phpunit/phpunit": "^8.5"
            },
            "type": "library",
            "autoload": {
                "psr-4": {
                    "Francerz\\Http\\": "src"
                }
            },
            "notification-url": "https://packagist.org/downloads/",
            "description": "Basic HTTP client",
            "support": {
                "issues": "https://github.com/francerz/php-http/issues",
                "source": "https://github.com/francerz/php-http/tree/v0.3.6"
            },
            "time": "2021-09-22T14:19:13+00:00"
        },
        {
            "name": "francerz/http-utils",
            "version": "v0.2.41",
            "source": {
                "type": "git",
                "url": "https://github.com/francerz/php-http-utils.git",
                "reference": "0da7883a3aece3428f1cfee82f677d61cfe7bd32"
            },
            "dist": {
                "type": "zip",
                "url": "https://api.github.com/repos/francerz/php-http-utils/zipball/0da7883a3aece3428f1cfee82f677d61cfe7bd32",
                "reference": "0da7883a3aece3428f1cfee82f677d61cfe7bd32",
                "shasum": ""
            },
            "require": {
                "fig/http-message-util": "^1.1",
                "psr/http-factory": "^1.0",
                "psr/http-message": "^1.0"
            },
            "require-dev": {
                "phpunit/phpunit": "^8.5"
            },
            "type": "library",
            "autoload": {
                "psr-4": {
                    "Francerz\\Http\\Utils\\": "src/utils",
                    "Francerz\\Http\\Utils\\Headers\\": "src/headers",
                    "Francerz\\Http\\Utils\\Constants\\": "src/constants",
                    "Francerz\\Http\\Utils\\Exceptions\\": "src/exceptions"
                }
            },
            "notification-url": "https://packagist.org/downloads/",
            "license": [
                "MIT"
            ],
            "authors": [
                {
                    "name": "Francerz",
                    "email": "francerzam@hotmail.com"
                }
            ],
            "description": "PHP HTTP utils compatible with PSR-7, PSR-17",
            "keywords": [
                "http",
                "http-factory",
                "http-message",
                "psr-17",
                "psr-7"
            ],
            "support": {
                "issues": "https://github.com/francerz/php-http-utils/issues",
                "source": "https://github.com/francerz/php-http-utils/tree/v0.2.41"
            },
            "time": "2021-07-11T23:17:42+00:00"
        },
        {
            "name": "francerz/php-power-data",
            "version": "v0.1.24",
            "source": {
                "type": "git",
                "url": "https://github.com/francerz/php-power-data.git",
                "reference": "dc34412e4565f9fa1b380eaa6d5e352127d30a54"
            },
            "dist": {
                "type": "zip",
                "url": "https://api.github.com/repos/francerz/php-power-data/zipball/dc34412e4565f9fa1b380eaa6d5e352127d30a54",
                "reference": "dc34412e4565f9fa1b380eaa6d5e352127d30a54",
                "shasum": ""
            },
            "require-dev": {
                "phpunit/phpunit": "^8.5"
            },
            "type": "library",
            "autoload": {
                "psr-4": {
                    "Francerz\\PowerData\\": "src"
                }
            },
            "notification-url": "https://packagist.org/downloads/",
            "authors": [
                {
                    "name": "Francisco CZ"
                }
            ],
            "description": "PHP data structures for complex data handling",
            "support": {
                "issues": "https://github.com/francerz/php-power-data/issues",
                "source": "https://github.com/francerz/php-power-data/tree/v0.1.24"
            },
            "time": "2021-09-17T19:44:02+00:00"
        },
        {
            "name": "psr/http-client",
            "version": "1.0.1",
            "source": {
                "type": "git",
                "url": "https://github.com/php-fig/http-client.git",
                "reference": "2dfb5f6c5eff0e91e20e913f8c5452ed95b86621"
            },
            "dist": {
                "type": "zip",
                "url": "https://api.github.com/repos/php-fig/http-client/zipball/2dfb5f6c5eff0e91e20e913f8c5452ed95b86621",
                "reference": "2dfb5f6c5eff0e91e20e913f8c5452ed95b86621",
                "shasum": ""
            },
            "require": {
                "php": "^7.0 || ^8.0",
                "psr/http-message": "^1.0"
            },
            "type": "library",
            "extra": {
                "branch-alias": {
                    "dev-master": "1.0.x-dev"
                }
            },
            "autoload": {
                "psr-4": {
                    "Psr\\Http\\Client\\": "src/"
                }
            },
            "notification-url": "https://packagist.org/downloads/",
            "license": [
                "MIT"
            ],
            "authors": [
                {
                    "name": "PHP-FIG",
                    "homepage": "http://www.php-fig.org/"
                }
            ],
            "description": "Common interface for HTTP clients",
            "homepage": "https://github.com/php-fig/http-client",
            "keywords": [
                "http",
                "http-client",
                "psr",
                "psr-18"
            ],
            "support": {
                "source": "https://github.com/php-fig/http-client/tree/master"
            },
            "time": "2020-06-29T06:28:15+00:00"
        },
        {
            "name": "psr/http-factory",
            "version": "1.0.1",
            "source": {
                "type": "git",
                "url": "https://github.com/php-fig/http-factory.git",
                "reference": "12ac7fcd07e5b077433f5f2bee95b3a771bf61be"
            },
            "dist": {
                "type": "zip",
                "url": "https://api.github.com/repos/php-fig/http-factory/zipball/12ac7fcd07e5b077433f5f2bee95b3a771bf61be",
                "reference": "12ac7fcd07e5b077433f5f2bee95b3a771bf61be",
                "shasum": ""
            },
            "require": {
                "php": ">=7.0.0",
                "psr/http-message": "^1.0"
            },
            "type": "library",
            "extra": {
                "branch-alias": {
                    "dev-master": "1.0.x-dev"
                }
            },
            "autoload": {
                "psr-4": {
                    "Psr\\Http\\Message\\": "src/"
                }
            },
            "notification-url": "https://packagist.org/downloads/",
            "license": [
                "MIT"
            ],
            "authors": [
                {
                    "name": "PHP-FIG",
                    "homepage": "http://www.php-fig.org/"
                }
            ],
            "description": "Common interfaces for PSR-7 HTTP message factories",
            "keywords": [
                "factory",
                "http",
                "message",
                "psr",
                "psr-17",
                "psr-7",
                "request",
                "response"
            ],
            "support": {
                "source": "https://github.com/php-fig/http-factory/tree/master"
            },
            "time": "2019-04-30T12:38:16+00:00"
        },
        {
            "name": "psr/http-message",
            "version": "1.0.1",
            "source": {
                "type": "git",
                "url": "https://github.com/php-fig/http-message.git",
                "reference": "f6561bf28d520154e4b0ec72be95418abe6d9363"
            },
            "dist": {
                "type": "zip",
                "url": "https://api.github.com/repos/php-fig/http-message/zipball/f6561bf28d520154e4b0ec72be95418abe6d9363",
                "reference": "f6561bf28d520154e4b0ec72be95418abe6d9363",
                "shasum": ""
            },
            "require": {
                "php": ">=5.3.0"
            },
            "type": "library",
            "extra": {
                "branch-alias": {
                    "dev-master": "1.0.x-dev"
                }
            },
            "autoload": {
                "psr-4": {
                    "Psr\\Http\\Message\\": "src/"
                }
            },
            "notification-url": "https://packagist.org/downloads/",
            "license": [
                "MIT"
            ],
            "authors": [
                {
                    "name": "PHP-FIG",
                    "homepage": "http://www.php-fig.org/"
                }
            ],
            "description": "Common interface for HTTP messages",
            "homepage": "https://github.com/php-fig/http-message",
            "keywords": [
                "http",
                "http-message",
                "psr",
                "psr-7",
                "request",
                "response"
            ],
            "support": {
                "source": "https://github.com/php-fig/http-message/tree/master"
            },
            "time": "2016-08-06T14:39:51+00:00"
        }
    ],
    "packages-dev": [],
    "aliases": [],
    "minimum-stability": "stable",
    "stability-flags": [],
    "prefer-stable": false,
    "prefer-lowest": false,
    "platform": [],
    "platform-dev": [],
    "plugin-api-version": "2.1.0"
}
